[[package]]
name = "lazy_static"
version = "1.0.1"
source = "registry+https://github.com/rust-lang/crates.io-index"
dependencies = [
 "spin 0.4.8 (registry+https://github.com/rust-lang/crates.io-index)",
]

[[package]]
name = "linked_list_allocator"
version = "0.6.3"
source = "registry+https://github.com/rust-lang/crates.io-index"
dependencies = [
 "spin 0.4.8 (registry+https://github.com/rust-lang/crates.io-index)",
]

[[package]]
name = "once"
version = "0.3.3"
source = "registry+https://github.com/rust-lang/crates.io-index"

[[package]]
name = "register"
version = "0.1.1"
source = "registry+https://github.com/rust-lang/crates.io-index"
dependencies = [
 "tock-registers 0.1.0 (registry+https://github.com/rust-lang/crates.io-index)",
]

[[package]]
name = "rustberry"
version = "0.1.0"
dependencies = [
 "lazy_static 1.0.1 (registry+https://github.com/rust-lang/crates.io-index)",
 "linked_list_allocator 0.6.3 (registry+https://github.com/rust-lang/crates.io-index)",
 "once 0.3.3 (registry+https://github.com/rust-lang/crates.io-index)",
 "register 0.1.1 (registry+https://github.com/rust-lang/crates.io-index)",
 "spin 0.4.8 (registry+https://github.com/rust-lang/crates.io-index)",
 "volatile 0.2.4 (registry+https://github.com/rust-lang/crates.io-index)",
]

[[package]]
name = "spin"
version = "0.4.8"
source = "registry+https://github.com/rust-lang/crates.io-index"

[[package]]
name = "tock-registers"
version = "0.1.0"
source = "registry+https://github.com/rust-lang/crates.io-index"

[[package]]
name = "volatile"
version = "0.2.4"
source = "registry+https://github.com/rust-lang/crates.io-index"

[metadata]
"checksum lazy_static 1.0.1 (registry+https://github.com/rust-lang/crates.io-index)" = "e6412c5e2ad9584b0b8e979393122026cdd6d2a80b933f890dcd694ddbe73739"
"checksum linked_list_allocator 0.6.3 (registry+https://github.com/rust-lang/crates.io-index)" = "655d57c71827fe0891ce72231b6aa5e14033dae3f604609e6a6f807267c1678d"
"checksum once 0.3.3 (registry+https://github.com/rust-lang/crates.io-index)" = "931fb7a4cf34610cf6cbe58d52a8ca5ef4c726d4e2e178abd0dc13a6551c6d73"
"checksum register 0.1.1 (registry+https://github.com/rust-lang/crates.io-index)" = "0e985243ba7e1c336b62444ef2a10d7bd87cf41a222285ae3de605c859006479"
"checksum spin 0.4.8 (registry+https://github.com/rust-lang/crates.io-index)" = "14db77c5b914df6d6173dda9a3b3f5937bd802934fa5edaf934df06a3491e56f"
"checksum tock-registers 0.1.0 (registry+https://github.com/rust-lang/crates.io-index)" = "2acc33f980e23cee18d234a32d0637fbc1ea55e13ab04012fa857b899fa1b7a9"
"checksum volatile 0.2.4 (registry+https://github.com/rust-lang/crates.io-index)" = "54d4343a2df2d65144a874f95950754ee7b7e8594f6027aae8c7d0f4858a3fe8"
